
Microsoft Visual Studio Solution File, Format Version 12.00
# Visual Studio 2013
VisualStudioVersion = 12.0.21005.1
MinimumVisualStudioVersion = 10.0.40219.1
Project("{FAE04EC0-301F-11D3-BF4B-00C04F79EFBC}") = "StoryMakerV3", "StoryMakerV3\StoryMakerV3.csproj", "{766A3887-7D34-4889-8108-4F7DFE976430}"
EndProject
Project("{FAE04EC0-301F-11D3-BF4B-00C04F79EFBC}") = "Client", "Client\Client.csproj", "{9CE92671-5DE8-4316-93F4-188F23603E8B}"
EndProject
Global
	GlobalSection(SolutionConfigurationPlatforms) = preSolution
		Debug|Any CPU = Debug|Any CPU
		Release|Any CPU = Release|Any CPU
	EndGlobalSection
	GlobalSection(ProjectConfigurationPlatforms) = postSolution
		{766A3887-7D34-4889-8108-4F7DFE976430}.Debug|Any CPU.ActiveCfg = Debug|Any CPU
		{766A3887-7D34-4889-8108-4F7DFE976430}.Debug|Any CPU.Build.0 = Debug|Any CPU
		{766A3887-7D34-4889-8108-4F7DFE976430}.Release|Any CPU.ActiveCfg = Release|Any CPU
		{766A3887-7D34-4889-8108-4F7DFE976430}.Release|Any CPU.Build.0 = Release|Any CPU
		{9CE92671-5DE8-4316-93F4-188F23603E8B}.Debug|Any CPU.ActiveCfg = Debug|Any CPU
		{9CE92671-5DE8-4316-93F4-188F23603E8B}.Debug|Any CPU.Build.0 = Debug|Any CPU
		{9CE92671-5DE8-4316-93F4-188F23603E8B}.Release|Any CPU.ActiveCfg = Release|Any CPU
		{9CE92671-5DE8-4316-93F4-188F23603E8B}.Release|Any CPU.Build.0 = Release|Any CPU
	EndGlobalSection
	GlobalSection(SolutionProperties) = preSolution
		HideSolutionNode = FALSE
	EndGlobalSection
EndGlobal
